
Microsoft Visual Studio Solution File, Format Version 12.00
# Visual Studio 15
VisualStudioVersion = 15.0.28010.2003
MinimumVisualStudioVersion = 10.0.40219.1
Project("{FAE04EC0-301F-11D3-BF4B-00C04F79EFBC}") = "IteratorsAndLinq", "IteratorsAndLinq\IteratorsAndLinq.csproj", "{B267EE87-3812-40F3-B57F-3CD3A9BB2A81}"
EndProject
Global
	GlobalSection(SolutionConfigurationPlatforms) = preSolution
		Debug|Any CPU = Debug|Any CPU
		Release|Any CPU = Release|Any CPU
	EndGlobalSection
	GlobalSection(ProjectConfigurationPlatforms) = postSolution
		{B267EE87-3812-40F3-B57F-3CD3A9BB2A81}.Debug|Any CPU.ActiveCfg = Debug|Any CPU
		{B267EE87-3812-40F3-B57F-3CD3A9BB2A81}.Debug|Any CPU.Build.0 = Debug|Any CPU
		{B267EE87-3812-40F3-B57F-3CD3A9BB2A81}.Release|Any CPU.ActiveCfg = Release|Any CPU
		{B267EE87-3812-40F3-B57F-3CD3A9BB2A81}.Release|Any CPU.Build.0 = Release|Any CPU
	EndGlobalSection
	GlobalSection(SolutionProperties) = preSolution
		HideSolutionNode = FALSE
	EndGlobalSection
	GlobalSection(ExtensibilityGlobals) = postSolution
		SolutionGuid = {EF565A04-EABE-4BCC-AF2E-012AC1B6F829}
	EndGlobalSection
EndGlobal
